// !$*UTF8*$!
{
	archiveVersion = 1;
	classes = {
	};
	objectVersion = 46;
	objects = {

/* Begin PBXBuildFile section */
		8D4BCF32181304A4009FA9C0 /* Foundation.framework in Frameworks */ = {isa = PBXBuildFile; fileRef = 8D4BCF31181304A4009FA9C0 /* Foundation.framework */; };
		8D4BCF34181304A4009FA9C0 /* CoreGraphics.framework in Frameworks */ = {isa = PBXBuildFile; fileRef = 8D4BCF33181304A4009FA9C0 /* CoreGraphics.framework */; };
		8D4BCF36181304A4009FA9C0 /* UIKit.framework in Frameworks */ = {isa = PBXBuildFile; fileRef = 8D4BCF35181304A4009FA9C0 /* UIKit.framework */; };
		8D4BCF38181304A4009FA9C0 /* GLKit.framework in Frameworks */ = {isa = PBXBuildFile; fileRef = 8D4BCF37181304A4009FA9C0 /* GLKit.framework */; };
		8D4BCF3A181304A4009FA9C0 /* OpenGLES.framework in Frameworks */ = {isa = PBXBuildFile; fileRef = 8D4BCF39181304A4009FA9C0 /* OpenGLES.framework */; };
		8D4BCF40181304A4009FA9C0 /* InfoPlist.strings in Resources */ = {isa = PBXBuildFile; fileRef = 8D4BCF3E181304A4009FA9C0 /* InfoPlist.strings */; };
		8D4BCF42181304A4009FA9C0 /* main.m in Sources */ = {isa = PBXBuildFile; fileRef = 8D4BCF41181304A4009FA9C0 /* main.m */; };
		8D4BCF46181304A4009FA9C0 /* AppDelegate.m in Sources */ = {isa = PBXBuildFile; fileRef = 8D4BCF45181304A4009FA9C0 /* AppDelegate.m */; };
		8D4BCF49181304A4009FA9C0 /* Main_iPhone.storyboard in Resources */ = {isa = PBXBuildFile; fileRef = 8D4BCF47181304A4009FA9C0 /* Main_iPhone.storyboard */; };
		8D4BCF4C181304A4009FA9C0 /* Main_iPad.storyboard in Resources */ = {isa = PBXBuildFile; fileRef = 8D4BCF4A181304A4009FA9C0 /* Main_iPad.storyboard */; };
		8D4BCF4E181304A4009FA9C0 /* Shader.fsh in Resources */ = {isa = PBXBuildFile; fileRef = 8D4BCF4D181304A4009FA9C0 /* Shader.fsh */; };
		8D4BCF50181304A4009FA9C0 /* Shader.vsh in Resources */ = {isa = PBXBuildFile; fileRef = 8D4BCF4F181304A4009FA9C0 /* Shader.vsh */; };
		8D4BCF53181304A4009FA9C0 /* ViewController.m in Sources */ = {isa = PBXBuildFile; fileRef = 8D4BCF52181304A4009FA9C0 /* ViewController.m */; };
		8D4BCF55181304A4009FA9C0 /* Images.xcassets in Resources */ = {isa = PBXBuildFile; fileRef = 8D4BCF54181304A4009FA9C0 /* Images.xcassets */; };
		8D4BCF5C181304A4009FA9C0 /* XCTest.framework in Frameworks */ = {isa = PBXBuildFile; fileRef = 8D4BCF5B181304A4009FA9C0 /* XCTest.framework */; };
		8D4BCF5D181304A4009FA9C0 /* Foundation.framework in Frameworks */ = {isa = PBXBuildFile; fileRef = 8D4BCF31181304A4009FA9C0 /* Foundation.framework */; };
		8D4BCF5E181304A4009FA9C0 /* UIKit.framework in Frameworks */ = {isa = PBXBuildFile; fileRef = 8D4BCF35181304A4009FA9C0 /* UIKit.framework */; };
		8D4BCF66181304A4009FA9C0 /* InfoPlist.strings in Resources */ = {isa = PBXBuildFile; fileRef = 8D4BCF64181304A4009FA9C0 /* InfoPlist.strings */; };
		8D4BCF68181304A4009FA9C0 /* OGLEngineTestTests.m in Sources */ = {isa = PBXBuildFile; fileRef = 8D4BCF67181304A4009FA9C0 /* OGLEngineTestTests.m */; };
		8D4BCF8618130516009FA9C0 /* OGLCamera.m in Sources */ = {isa = PBXBuildFile; fileRef = 8D4BCF7318130516009FA9C0 /* OGLCamera.m */; };
		8D4BCF8718130516009FA9C0 /* OGLBuffer.m in Sources */ = {isa = PBXBuildFile; fileRef = 8D4BCF7518130516009FA9C0 /* OGLBuffer.m */; };
		8D4BCF8818130516009FA9C0 /* OGLContext.m in Sources */ = {isa = PBXBuildFile; fileRef = 8D4BCF7718130516009FA9C0 /* OGLContext.m */; };
		8D4BCF8918130516009FA9C0 /* OGLFramebuffer.m in Sources */ = {isa = PBXBuildFile; fileRef = 8D4BCF7918130516009FA9C0 /* OGLFramebuffer.m */; };
		8D4BCF8A18130516009FA9C0 /* OGLTexture.m in Sources */ = {isa = PBXBuildFile; fileRef = 8D4BCF7B18130516009FA9C0 /* OGLTexture.m */; };
		8D4BCF8B18130516009FA9C0 /* OGLVertexArray.m in Sources */ = {isa = PBXBuildFile; fileRef = 8D4BCF7D18130516009FA9C0 /* OGLVertexArray.m */; };
		8D4BCF8C18130516009FA9C0 /* OGLEngineView.m in Sources */ = {isa = PBXBuildFile; fileRef = 8D4BCF7F18130516009FA9C0 /* OGLEngineView.m */; };
		8D4BCF8D18130516009FA9C0 /* OGLRenderInfo.m in Sources */ = {isa = PBXBuildFile; fileRef = 8D4BCF8118130516009FA9C0 /* OGLRenderInfo.m */; };
		8D4BCF8E18130516009FA9C0 /* OGLSceneObject.m in Sources */ = {isa = PBXBuildFile; fileRef = 8D4BCF8318130516009FA9C0 /* OGLSceneObject.m */; };
		8D4BCF8F18130516009FA9C0 /* OGLShader.m in Sources */ = {isa = PBXBuildFile; fileRef = 8D4BCF8518130516009FA9C0 /* OGLShader.m */; };
		8D4BCF95181312E4009FA9C0 /* OGLSprite.m in Sources */ = {isa = PBXBuildFile; fileRef = 8D4BCF92181312E4009FA9C0 /* OGLSprite.m */; };
		8D4BCF96181312E4009FA9C0 /* OGLSpriteLayer.m in Sources */ = {isa = PBXBuildFile; fileRef = 8D4BCF94181312E4009FA9C0 /* OGLSpriteLayer.m */; };
		8D4BCF9818133315009FA9C0 /* OGLEngine.m in Sources */ = {isa = PBXBuildFile; fileRef = 8D4BCF9718133315009FA9C0 /* OGLEngine.m */; };
/* End PBXBuildFile section */

/* Begin PBXContainerItemProxy section */
		8D4BCF5F181304A4009FA9C0 /* PBXContainerItemProxy */ = {
			isa = PBXContainerItemProxy;
			containerPortal = 8D4BCF26181304A4009FA9C0 /* Project object */;
			proxyType = 1;
			remoteGlobalIDString = 8D4BCF2D181304A4009FA9C0;
			remoteInfo = OGLEngineTest;
		};
/* End PBXContainerItemProxy section */

/* Begin PBXFileReference section */
		8D4BCF2E181304A4009FA9C0 /* OGLEngineTest.app */ = {isa = PBXFileReference; explicitFileType = wrapper.application; includeInIndex = 0; path = OGLEngineTest.app; sourceTree = BUILT_PRODUCTS_DIR; };
		8D4BCF31181304A4009FA9C0 /* Foundation.framework */ = {isa = PBXFileReference; lastKnownFileType = wrapper.framework; name = Foundation.framework; path = System/Library/Frameworks/Foundation.framework; sourceTree = SDKROOT; };
		8D4BCF33181304A4009FA9C0 /* CoreGraphics.framework */ = {isa = PBXFileReference; lastKnownFileType = wrapper.framework; name = CoreGraphics.framework; path = System/Library/Frameworks/CoreGraphics.framework; sourceTree = SDKROOT; };
		8D4BCF35181304A4009FA9C0 /* UIKit.framework */ = {isa = PBXFileReference; lastKnownFileType = wrapper.framework; name = UIKit.framework; path = System/Library/Frameworks/UIKit.framework; sourceTree = SDKROOT; };
		8D4BCF37181304A4009FA9C0 /* GLKit.framework */ = {isa = PBXFileReference; lastKnownFileType = wrapper.framework; name = GLKit.framework; path = System/Library/Frameworks/GLKit.framework; sourceTree = SDKROOT; };
		8D4BCF39181304A4009FA9C0 /* OpenGLES.framework */ = {isa = PBXFileReference; lastKnownFileType = wrapper.framework; name = OpenGLES.framework; path = System/Library/Frameworks/OpenGLES.framework; sourceTree = SDKROOT; };
		8D4BCF3D181304A4009FA9C0 /* OGLEngineTest-Info.plist */ = {isa = PBXFileReference; lastKnownFileType = text.plist.xml; path = "OGLEngineTest-Info.plist"; sourceTree = "<group>"; };
		8D4BCF3F181304A4009FA9C0 /* en */ = {isa = PBXFileReference; lastKnownFileType = text.plist.strings; name = en; path = en.lproj/InfoPlist.strings; sourceTree = "<group>"; };
		8D4BCF41181304A4009FA9C0 /* main.m */ = {isa = PBXFileReference; lastKnownFileType = sourcecode.c.objc; path = main.m; sourceTree = "<group>"; };
		8D4BCF43181304A4009FA9C0 /* OGLEngineTest-Prefix.pch */ = {isa = PBXFileReference; lastKnownFileType = sourcecode.c.h; path = "OGLEngineTest-Prefix.pch"; sourceTree = "<group>"; };
		8D4BCF44181304A4009FA9C0 /* AppDelegate.h */ = {isa = PBXFileReference; lastKnownFileType = sourcecode.c.h; path = AppDelegate.h; sourceTree = "<group>"; };
		8D4BCF45181304A4009FA9C0 /* AppDelegate.m */ = {isa = PBXFileReference; lastKnownFileType = sourcecode.c.objc; path = AppDelegate.m; sourceTree = "<group>"; };
		8D4BCF48181304A4009FA9C0 /* Base */ = {isa = PBXFileReference; lastKnownFileType = file.storyboard; name = Base; path = Base.lproj/Main_iPhone.storyboard; sourceTree = "<group>"; };
		8D4BCF4B181304A4009FA9C0 /* Base */ = {isa = PBXFileReference; lastKnownFileType = file.storyboard; name = Base; path = Base.lproj/Main_iPad.storyboard; sourceTree = "<group>"; };
		8D4BCF4D181304A4009FA9C0 /* Shader.fsh */ = {isa = PBXFileReference; lastKnownFileType = sourcecode.glsl; name = Shader.fsh; path = Shaders/Shader.fsh; sourceTree = "<group>"; };
		8D4BCF4F181304A4009FA9C0 /* Shader.vsh */ = {isa = PBXFileReference; lastKnownFileType = sourcecode.glsl; name = Shader.vsh; path = Shaders/Shader.vsh; sourceTree = "<group>"; };
		8D4BCF51181304A4009FA9C0 /* ViewController.h */ = {isa = PBXFileReference; lastKnownFileType = sourcecode.c.h; path = ViewController.h; sourceTree = "<group>"; };
		8D4BCF52181304A4009FA9C0 /* ViewController.m */ = {isa = PBXFileReference; lastKnownFileType = sourcecode.c.objc; path = ViewController.m; sourceTree = "<group>"; };
		8D4BCF54181304A4009FA9C0 /* Images.xcassets */ = {isa = PBXFileReference; lastKnownFileType = folder.assetcatalog; path = Images.xcassets; sourceTree = "<group>"; };
		8D4BCF5A181304A4009FA9C0 /* OGLEngineTestTests.xctest */ = {isa = PBXFileReference; explicitFileType = wrapper.cfbundle; includeInIndex = 0; path = OGLEngineTestTests.xctest; sourceTree = BUILT_PRODUCTS_DIR; };
		8D4BCF5B181304A4009FA9C0 /* XCTest.framework */ = {isa = PBXFileReference; lastKnownFileType = wrapper.framework; name = XCTest.framework; path = Library/Frameworks/XCTest.framework; sourceTree = DEVELOPER_DIR; };
		8D4BCF63181304A4009FA9C0 /* OGLEngineTestTests-Info.plist */ = {isa = PBXFileReference; lastKnownFileType = text.plist.xml; path = "OGLEngineTestTests-Info.plist"; sourceTree = "<group>"; };
		8D4BCF65181304A4009FA9C0 /* en */ = {isa = PBXFileReference; lastKnownFileType = text.plist.strings; name = en; path = en.lproj/InfoPlist.strings; sourceTree = "<group>"; };
		8D4BCF67181304A4009FA9C0 /* OGLEngineTestTests.m */ = {isa = PBXFileReference; lastKnownFileType = sourcecode.c.objc; path = OGLEngineTestTests.m; sourceTree = "<group>"; };
		8D4BCF7218130516009FA9C0 /* OGLCamera.h */ = {isa = PBXFileReference; fileEncoding = 4; lastKnownFileType = sourcecode.c.h; path = OGLCamera.h; sourceTree = "<group>"; };
		8D4BCF7318130516009FA9C0 /* OGLCamera.m */ = {isa = PBXFileReference; fileEncoding = 4; lastKnownFileType = sourcecode.c.objc; path = OGLCamera.m; sourceTree = "<group>"; };
		8D4BCF7418130516009FA9C0 /* OGLBuffer.h */ = {isa = PBXFileReference; fileEncoding = 4; lastKnownFileType = sourcecode.c.h; path = OGLBuffer.h; sourceTree = "<group>"; };
		8D4BCF7518130516009FA9C0 /* OGLBuffer.m */ = {isa = PBXFileReference; fileEncoding = 4; lastKnownFileType = sourcecode.c.objc; path = OGLBuffer.m; sourceTree = "<group>"; };
		8D4BCF7618130516009FA9C0 /* OGLContext.h */ = {isa = PBXFileReference; fileEncoding = 4; lastKnownFileType = sourcecode.c.h; path = OGLContext.h; sourceTree = "<group>"; };
		8D4BCF7718130516009FA9C0 /* OGLContext.m */ = {isa = PBXFileReference; fileEncoding = 4; lastKnownFileType = sourcecode.c.objc; path = OGLContext.m; sourceTree = "<group>"; };
		8D4BCF7818130516009FA9C0 /* OGLFramebuffer.h */ = {isa = PBXFileReference; fileEncoding = 4; lastKnownFileType = sourcecode.c.h; path = OGLFramebuffer.h; sourceTree = "<group>"; };
		8D4BCF7918130516009FA9C0 /* OGLFramebuffer.m */ = {isa = PBXFileReference; fileEncoding = 4; lastKnownFileType = sourcecode.c.objc; path = OGLFramebuffer.m; sourceTree = "<group>"; };
		8D4BCF7A18130516009FA9C0 /* OGLTexture.h */ = {isa = PBXFileReference; fileEncoding = 4; lastKnownFileType = sourcecode.c.h; path = OGLTexture.h; sourceTree = "<group>"; };
		8D4BCF7B18130516009FA9C0 /* OGLTexture.m */ = {isa = PBXFileReference; fileEncoding = 4; lastKnownFileType = sourcecode.c.objc; path = OGLTexture.m; sourceTree = "<group>"; };
		8D4BCF7C18130516009FA9C0 /* OGLVertexArray.h */ = {isa = PBXFileReference; fileEncoding = 4; lastKnownFileType = sourcecode.c.h; path = OGLVertexArray.h; sourceTree = "<group>"; };
		8D4BCF7D18130516009FA9C0 /* OGLVertexArray.m */ = {isa = PBXFileReference; fileEncoding = 4; lastKnownFileType = sourcecode.c.objc; path = OGLVertexArray.m; sourceTree = "<group>"; };
		8D4BCF7E18130516009FA9C0 /* OGLEngineView.h */ = {isa = PBXFileReference; fileEncoding = 4; lastKnownFileType = sourcecode.c.h; path = OGLEngineView.h; sourceTree = "<group>"; };
		8D4BCF7F18130516009FA9C0 /* OGLEngineView.m */ = {isa = PBXFileReference; fileEncoding = 4; lastKnownFileType = sourcecode.c.objc; path = OGLEngineView.m; sourceTree = "<group>"; };
		8D4BCF8018130516009FA9C0 /* OGLRenderInfo.h */ = {isa = PBXFileReference; fileEncoding = 4; lastKnownFileType = sourcecode.c.h; path = OGLRenderInfo.h; sourceTree = "<group>"; };
		8D4BCF8118130516009FA9C0 /* OGLRenderInfo.m */ = {isa = PBXFileReference; fileEncoding = 4; lastKnownFileType = sourcecode.c.objc; path = OGLRenderInfo.m; sourceTree = "<group>"; };
		8D4BCF8218130516009FA9C0 /* OGLSceneObject.h */ = {isa = PBXFileReference; fileEncoding = 4; lastKnownFileType = sourcecode.c.h; path = OGLSceneObject.h; sourceTree = "<group>"; };
		8D4BCF8318130516009FA9C0 /* OGLSceneObject.m */ = {isa = PBXFileReference; fileEncoding = 4; lastKnownFileType = sourcecode.c.objc; path = OGLSceneObject.m; sourceTree = "<group>"; };
		8D4BCF8418130516009FA9C0 /* OGLShader.h */ = {isa = PBXFileReference; fileEncoding = 4; lastKnownFileType = sourcecode.c.h; path = OGLShader.h; sourceTree = "<group>"; };
		8D4BCF8518130516009FA9C0 /* OGLShader.m */ = {isa = PBXFileReference; fileEncoding = 4; lastKnownFileType = sourcecode.c.objc; path = OGLShader.m; sourceTree = "<group>"; };
		8D4BCF9018130B0F009FA9C0 /* OGLEngine.h */ = {isa = PBXFileReference; fileEncoding = 4; lastKnownFileType = sourcecode.c.h; path = OGLEngine.h; sourceTree = "<group>"; };
		8D4BCF91181312E4009FA9C0 /* OGLSprite.h */ = {isa = PBXFileReference; fileEncoding = 4; lastKnownFileType = sourcecode.c.h; path = OGLSprite.h; sourceTree = "<group>"; };
		8D4BCF92181312E4009FA9C0 /* OGLSprite.m */ = {isa = PBXFileReference; fileEncoding = 4; lastKnownFileType = sourcecode.c.objc; path = OGLSprite.m; sourceTree = "<group>"; };
		8D4BCF93181312E4009FA9C0 /* OGLSpriteLayer.h */ = {isa = PBXFileReference; fileEncoding = 4; lastKnownFileType = sourcecode.c.h; path = OGLSpriteLayer.h; sourceTree = "<group>"; };
		8D4BCF94181312E4009FA9C0 /* OGLSpriteLayer.m */ = {isa = PBXFileReference; fileEncoding = 4; lastKnownFileType = sourcecode.c.objc; path = OGLSpriteLayer.m; sourceTree = "<group>"; };
		8D4BCF9718133315009FA9C0 /* OGLEngine.m */ = {isa = PBXFileReference; fileEncoding = 4; lastKnownFileType = sourcecode.c.objc; path = OGLEngine.m; sourceTree = "<group>"; };
/* End PBXFileReference section */

/* Begin PBXFrameworksBuildPhase section */
		8D4BCF2B181304A4009FA9C0 /* Frameworks */ = {
			isa = PBXFrameworksBuildPhase;
			buildActionMask = 2147483647;
			files = (
				8D4BCF3A181304A4009FA9C0 /* OpenGLES.framework in Frameworks */,
				8D4BCF34181304A4009FA9C0 /* CoreGraphics.framework in Frameworks */,
				8D4BCF36181304A4009FA9C0 /* UIKit.framework in Frameworks */,
				8D4BCF38181304A4009FA9C0 /* GLKit.framework in Frameworks */,
				8D4BCF32181304A4009FA9C0 /* Foundation.framework in Frameworks */,
			);
			runOnlyForDeploymentPostprocessing = 0;
		};
		8D4BCF57181304A4009FA9C0 /* Frameworks */ = {
			isa = PBXFrameworksBuildPhase;
			buildActionMask = 2147483647;
			files = (
				8D4BCF5C181304A4009FA9C0 /* XCTest.framework in Frameworks */,
				8D4BCF5E181304A4009FA9C0 /* UIKit.framework in Frameworks */,
				8D4BCF5D181304A4009FA9C0 /* Foundation.framework in Frameworks */,
			);
			runOnlyForDeploymentPostprocessing = 0;
		};
/* End PBXFrameworksBuildPhase section */

/* Begin PBXGroup section */
		8D4BCF25181304A4009FA9C0 = {
			isa = PBXGroup;
			children = (
				8D4BCF3B181304A4009FA9C0 /* OGLEngineTest */,
				8D4BCF61181304A4009FA9C0 /* OGLEngineTestTests */,
				8D4BCF30181304A4009FA9C0 /* Frameworks */,
				8D4BCF2F181304A4009FA9C0 /* Products */,
			);
			sourceTree = "<group>";
		};
		8D4BCF2F181304A4009FA9C0 /* Products */ = {
			isa = PBXGroup;
			children = (
				8D4BCF2E181304A4009FA9C0 /* OGLEngineTest.app */,
				8D4BCF5A181304A4009FA9C0 /* OGLEngineTestTests.xctest */,
			);
			name = Products;
			sourceTree = "<group>";
		};
		8D4BCF30181304A4009FA9C0 /* Frameworks */ = {
			isa = PBXGroup;
			children = (
				8D4BCF31181304A4009FA9C0 /* Foundation.framework */,
				8D4BCF33181304A4009FA9C0 /* CoreGraphics.framework */,
				8D4BCF35181304A4009FA9C0 /* UIKit.framework */,
				8D4BCF37181304A4009FA9C0 /* GLKit.framework */,
				8D4BCF39181304A4009FA9C0 /* OpenGLES.framework */,
				8D4BCF5B181304A4009FA9C0 /* XCTest.framework */,
			);
			name = Frameworks;
			sourceTree = "<group>";
		};
		8D4BCF3B181304A4009FA9C0 /* OGLEngineTest */ = {
			isa = PBXGroup;
			children = (
				8D4BCF7118130516009FA9C0 /* OGLEngine */,
				8D4BCF44181304A4009FA9C0 /* AppDelegate.h */,
				8D4BCF45181304A4009FA9C0 /* AppDelegate.m */,
				8D4BCF47181304A4009FA9C0 /* Main_iPhone.storyboard */,
				8D4BCF4A181304A4009FA9C0 /* Main_iPad.storyboard */,
				8D4BCF4D181304A4009FA9C0 /* Shader.fsh */,
				8D4BCF4F181304A4009FA9C0 /* Shader.vsh */,
				8D4BCF51181304A4009FA9C0 /* ViewController.h */,
				8D4BCF52181304A4009FA9C0 /* ViewController.m */,
				8D4BCF54181304A4009FA9C0 /* Images.xcassets */,
				8D4BCF3C181304A4009FA9C0 /* Supporting Files */,
			);
			path = OGLEngineTest;
			sourceTree = "<group>";
		};
		8D4BCF3C181304A4009FA9C0 /* Supporting Files */ = {
			isa = PBXGroup;
			children = (
				8D4BCF3D181304A4009FA9C0 /* OGLEngineTest-Info.plist */,
				8D4BCF3E181304A4009FA9C0 /* InfoPlist.strings */,
				8D4BCF41181304A4009FA9C0 /* main.m */,
				8D4BCF43181304A4009FA9C0 /* OGLEngineTest-Prefix.pch */,
			);
			name = "Supporting Files";
			sourceTree = "<group>";
		};
		8D4BCF61181304A4009FA9C0 /* OGLEngineTestTests */ = {
			isa = PBXGroup;
			children = (
				8D4BCF67181304A4009FA9C0 /* OGLEngineTestTests.m */,
				8D4BCF62181304A4009FA9C0 /* Supporting Files */,
			);
			path = OGLEngineTestTests;
			sourceTree = "<group>";
		};
		8D4BCF62181304A4009FA9C0 /* Supporting Files */ = {
			isa = PBXGroup;
			children = (
				8D4BCF63181304A4009FA9C0 /* OGLEngineTestTests-Info.plist */,
				8D4BCF64181304A4009FA9C0 /* InfoPlist.strings */,
			);
			name = "Supporting Files";
			sourceTree = "<group>";
		};
		8D4BCF7118130516009FA9C0 /* OGLEngine */ = {
			isa = PBXGroup;
			children = (
				8D4BCF9018130B0F009FA9C0 /* OGLEngine.h */,
				8D4BCF9718133315009FA9C0 /* OGLEngine.m */,
				8D4BCF7218130516009FA9C0 /* OGLCamera.h */,
				8D4BCF7318130516009FA9C0 /* OGLCamera.m */,
				8D4BCF7418130516009FA9C0 /* OGLBuffer.h */,
				8D4BCF7518130516009FA9C0 /* OGLBuffer.m */,
				8D4BCF7618130516009FA9C0 /* OGLContext.h */,
				8D4BCF7718130516009FA9C0 /* OGLContext.m */,
				8D4BCF7818130516009FA9C0 /* OGLFramebuffer.h */,
				8D4BCF7918130516009FA9C0 /* OGLFramebuffer.m */,
				8D4BCF7A18130516009FA9C0 /* OGLTexture.h */,
				8D4BCF7B18130516009FA9C0 /* OGLTexture.m */,
				8D4BCF7C18130516009FA9C0 /* OGLVertexArray.h */,
				8D4BCF7D18130516009FA9C0 /* OGLVertexArray.m */,
				8D4BCF7E18130516009FA9C0 /* OGLEngineView.h */,
				8D4BCF7F18130516009FA9C0 /* OGLEngineView.m */,
				8D4BCF8018130516009FA9C0 /* OGLRenderInfo.h */,
				8D4BCF8118130516009FA9C0 /* OGLRenderInfo.m */,
				8D4BCF8218130516009FA9C0 /* OGLSceneObject.h */,
				8D4BCF8318130516009FA9C0 /* OGLSceneObject.m */,
				8D4BCF8418130516009FA9C0 /* OGLShader.h */,
				8D4BCF8518130516009FA9C0 /* OGLShader.m */,
				8D4BCF91181312E4009FA9C0 /* OGLSprite.h */,
				8D4BCF92181312E4009FA9C0 /* OGLSprite.m */,
				8D4BCF93181312E4009FA9C0 /* OGLSpriteLayer.h */,
				8D4BCF94181312E4009FA9C0 /* OGLSpriteLayer.m */,
			);
			path = OGLEngine;
			sourceTree = "<group>";
		};
/* End PBXGroup section */

/* Begin PBXNativeTarget section */
		8D4BCF2D181304A4009FA9C0 /* OGLEngineTest */ = {
			isa = PBXNativeTarget;
			buildConfigurationList = 8D4BCF6B181304A4009FA9C0 /* Build configuration list for PBXNativeTarget "OGLEngineTest" */;
			buildPhases = (
				8D4BCF2A181304A4009FA9C0 /* Sources */,
				8D4BCF2B181304A4009FA9C0 /* Frameworks */,
				8D4BCF2C181304A4009FA9C0 /* Resources */,
			);
			buildRules = (
			);
			dependencies = (
			);
			name = OGLEngineTest;
			productName = OGLEngineTest;
			productReference = 8D4BCF2E181304A4009FA9C0 /* OGLEngineTest.app */;
			productType = "com.apple.product-type.application";
		};
		8D4BCF59181304A4009FA9C0 /* OGLEngineTestTests */ = {
			isa = PBXNativeTarget;
			buildConfigurationList = 8D4BCF6E181304A4009FA9C0 /* Build configuration list for PBXNativeTarget "OGLEngineTestTests" */;
			buildPhases = (
				8D4BCF56181304A4009FA9C0 /* Sources */,
				8D4BCF57181304A4009FA9C0 /* Frameworks */,
				8D4BCF58181304A4009FA9C0 /* Resources */,
			);
			buildRules = (
			);
			dependencies = (
				8D4BCF60181304A4009FA9C0 /* PBXTargetDependency */,
			);
			name = OGLEngineTestTests;
			productName = OGLEngineTestTests;
			productReference = 8D4BCF5A181304A4009FA9C0 /* OGLEngineTestTests.xctest */;
			productType = "com.apple.product-type.bundle.unit-test";
		};
/* End PBXNativeTarget section */

/* Begin PBXProject section */
		8D4BCF26181304A4009FA9C0 /* Project object */ = {
			isa = PBXProject;
			attributes = {
				LastUpgradeCheck = 0500;
				ORGANIZATIONNAME = "Matt Giger";
				TargetAttributes = {
					8D4BCF59181304A4009FA9C0 = {
						TestTargetID = 8D4BCF2D181304A4009FA9C0;
					};
				};
			};
			buildConfigurationList = 8D4BCF29181304A4009FA9C0 /* Build configuration list for PBXProject "OGLEngineTest" */;
			compatibilityVersion = "Xcode 3.2";
			developmentRegion = English;
			hasScannedForEncodings = 0;
			knownRegions = (
				en,
				Base,
			);
			mainGroup = 8D4BCF25181304A4009FA9C0;
			productRefGroup = 8D4BCF2F181304A4009FA9C0 /* Products */;
			projectDirPath = "";
			projectRoot = "";
			targets = (
				8D4BCF2D181304A4009FA9C0 /* OGLEngineTest */,
				8D4BCF59181304A4009FA9C0 /* OGLEngineTestTests */,
			);
		};
/* End PBXProject section */

/* Begin PBXResourcesBuildPhase section */
		8D4BCF2C181304A4009FA9C0 /* Resources */ = {
			isa = PBXResourcesBuildPhase;
			buildActionMask = 2147483647;
			files = (
				8D4BCF4E181304A4009FA9C0 /* Shader.fsh in Resources */,
				8D4BCF4C181304A4009FA9C0 /* Main_iPad.storyboard in Resources */,
				8D4BCF49181304A4009FA9C0 /* Main_iPhone.storyboard in Resources */,
				8D4BCF55181304A4009FA9C0 /* Images.xcassets in Resources */,
				8D4BCF40181304A4009FA9C0 /* InfoPlist.strings in Resources */,
				8D4BCF50181304A4009FA9C0 /* Shader.vsh in Resources */,
			);
			runOnlyForDeploymentPostprocessing = 0;
		};
		8D4BCF58181304A4009FA9C0 /* Resources */ = {
			isa = PBXResourcesBuildPhase;
			buildActionMask = 2147483647;
			files = (
				8D4BCF66181304A4009FA9C0 /* InfoPlist.strings in Resources */,
			);
			runOnlyForDeploymentPostprocessing = 0;
		};
/* End PBXResourcesBuildPhase section */

/* Begin PBXSourcesBuildPhase section */
		8D4BCF2A181304A4009FA9C0 /* Sources */ = {
			isa = PBXSourcesBuildPhase;
			buildActionMask = 2147483647;
			files = (
				8D4BCF8D18130516009FA9C0 /* OGLRenderInfo.m in Sources */,
				8D4BCF8B18130516009FA9C0 /* OGLVertexArray.m in Sources */,
				8D4BCF8C18130516009FA9C0 /* OGLEngineView.m in Sources */,
				8D4BCF53181304A4009FA9C0 /* ViewController.m in Sources */,
				8D4BCF46181304A4009FA9C0 /* AppDelegate.m in Sources */,
				8D4BCF95181312E4009FA9C0 /* OGLSprite.m in Sources */,
				8D4BCF8A18130516009FA9C0 /* OGLTexture.m in Sources */,
				8D4BCF8818130516009FA9C0 /* OGLContext.m in Sources */,
				8D4BCF8F18130516009FA9C0 /* OGLShader.m in Sources */,
				8D4BCF8918130516009FA9C0 /* OGLFramebuffer.m in Sources */,
				8D4BCF8718130516009FA9C0 /* OGLBuffer.m in Sources */,
				8D4BCF96181312E4009FA9C0 /* OGLSpriteLayer.m in Sources */,
				8D4BCF8618130516009FA9C0 /* OGLCamera.m in Sources */,
				8D4BCF42181304A4009FA9C0 /* main.m in Sources */,
				8D4BCF9818133315009FA9C0 /* OGLEngine.m in Sources */,
				8D4BCF8E18130516009FA9C0 /* OGLSceneObject.m in Sources */,
			);
			runOnlyForDeploymentPostprocessing = 0;
		};
		8D4BCF56181304A4009FA9C0 /* Sources */ = {
			isa = PBXSourcesBuildPhase;
			buildActionMask = 2147483647;
			files = (
				8D4BCF68181304A4009FA9C0 /* OGLEngineTestTests.m in Sources */,
			);
			runOnlyForDeploymentPostprocessing = 0;
		};
/* End PBXSourcesBuildPhase section */

/* Begin PBXTargetDependency section */
		8D4BCF60181304A4009FA9C0 /* PBXTargetDependency */ = {
			isa = PBXTargetDependency;
			target = 8D4BCF2D181304A4009FA9C0 /* OGLEngineTest */;
			targetProxy = 8D4BCF5F181304A4009FA9C0 /* PBXContainerItemProxy */;
		};
/* End PBXTargetDependency section */

/* Begin PBXVariantGroup section */
		8D4BCF3E181304A4009FA9C0 /* InfoPlist.strings */ = {
			isa = PBXVariantGroup;
			children = (
				8D4BCF3F181304A4009FA9C0 /* en */,
			);
			name = InfoPlist.strings;
			sourceTree = "<group>";
		};
		8D4BCF47181304A4009FA9C0 /* Main_iPhone.storyboard */ = {
			isa = PBXVariantGroup;
			children = (
				8D4BCF48181304A4009FA9C0 /* Base */,
			);
			name = Main_iPhone.storyboard;
			sourceTree = "<group>";
		};
		8D4BCF4A181304A4009FA9C0 /* Main_iPad.storyboard */ = {
			isa = PBXVariantGroup;
			children = (
				8D4BCF4B181304A4009FA9C0 /* Base */,
			);
			name = Main_iPad.storyboard;
			sourceTree = "<group>";
		};
		8D4BCF64181304A4009FA9C0 /* InfoPlist.strings */ = {
			isa = PBXVariantGroup;
			children = (
				8D4BCF65181304A4009FA9C0 /* en */,
			);
			name = InfoPlist.strings;
			sourceTree = "<group>";
		};
/* End PBXVariantGroup section */

/* Begin XCBuildConfiguration section */
		8D4BCF69181304A4009FA9C0 /* Debug */ = {
			isa = XCBuildConfiguration;
			buildSettings = {
				ALWAYS_SEARCH_USER_PATHS = NO;
				ARCHS = "$(ARCHS_STANDARD_INCLUDING_64_BIT)";
				CLANG_CXX_LANGUAGE_STANDARD = "gnu++0x";
				CLANG_CXX_LIBRARY = "libc++";
				CLANG_ENABLE_MODULES = YES;
				CLANG_ENABLE_OBJC_ARC = YES;
				CLANG_WARN_BOOL_CONVERSION = YES;
				CLANG_WARN_CONSTANT_CONVERSION = YES;
				CLANG_WARN_DIRECT_OBJC_ISA_USAGE = YES_ERROR;
				CLANG_WARN_EMPTY_BODY = YES;
				CLANG_WARN_ENUM_CONVERSION = YES;
				CLANG_WARN_INT_CONVERSION = YES;
				CLANG_WARN_OBJC_ROOT_CLASS = YES_ERROR;
				CLANG_WARN__DUPLICATE_METHOD_MATCH = YES;
				"CODE_SIGN_IDENTITY[sdk=iphoneos*]" = "iPhone Developer";
				COPY_PHASE_STRIP = NO;
				GCC_C_LANGUAGE_STANDARD = gnu99;
				GCC_DYNAMIC_NO_PIC = NO;
				GCC_OPTIMIZATION_LEVEL = 0;
				GCC_PREPROCESSOR_DEFINITIONS = (
					"DEBUG=1",
					"$(inherited)",
				);
				GCC_SYMBOLS_PRIVATE_EXTERN = NO;
				GCC_WARN_64_TO_32_BIT_CONVERSION = YES;
				GCC_WARN_ABOUT_RETURN_TYPE = YES_ERROR;
				GCC_WARN_UNDECLARED_SELECTOR = YES;
				GCC_WARN_UNINITIALIZED_AUTOS = YES;
				GCC_WARN_UNUSED_FUNCTION = YES;
				GCC_WARN_UNUSED_VARIABLE = YES;
				IPHONEOS_DEPLOYMENT_TARGET = 7.0;
				ONLY_ACTIVE_ARCH = YES;
				SDKROOT = iphoneos;
				TARGETED_DEVICE_FAMILY = "1,2";
			};
			name = Debug;
		};
		8D4BCF6A181304A4009FA9C0 /* Release */ = {
			isa = XCBuildConfiguration;
			buildSettings = {
				ALWAYS_SEARCH_USER_PATHS = NO;
				ARCHS = "$(ARCHS_STANDARD_INCLUDING_64_BIT)";
				CLANG_CXX_LANGUAGE_STANDARD = "gnu++0x";
				CLANG_CXX_LIBRARY = "libc++";
				CLANG_ENABLE_MODULES = YES;
				CLANG_ENABLE_OBJC_ARC = YES;
				CLANG_WARN_BOOL_CONVERSION = YES;
				CLANG_WARN_CONSTANT_CONVERSION = YES;
				CLANG_WARN_DIRECT_OBJC_ISA_USAGE = YES_ERROR;
				CLANG_WARN_EMPTY_BODY = YES;
				CLANG_WARN_ENUM_CONVERSION = YES;
				CLANG_WARN_INT_CONVERSION = YES;
				CLANG_WARN_OBJC_ROOT_CLASS = YES_ERROR;
				CLANG_WARN__DUPLICATE_METHOD_MATCH = YES;
				"CODE_SIGN_IDENTITY[sdk=iphoneos*]" = "iPhone Developer";
				COPY_PHASE_STRIP = YES;
				ENABLE_NS_ASSERTIONS = NO;
				GCC_C_LANGUAGE_STANDARD = gnu99;
				GCC_WARN_64_TO_32_BIT_CONVERSION = YES;
				GCC_WARN_ABOUT_RETURN_TYPE = YES_ERROR;
				GCC_WARN_UNDECLARED_SELECTOR = YES;
				GCC_WARN_UNINITIALIZED_AUTOS = YES;
				GCC_WARN_UNUSED_FUNCTION = YES;
				GCC_WARN_UNUSED_VARIABLE = YES;
				IPHONEOS_DEPLOYMENT_TARGET = 7.0;
				SDKROOT = iphoneos;
				TARGETED_DEVICE_FAMILY = "1,2";
				VALIDATE_PRODUCT = YES;
			};
			name = Release;
		};
		8D4BCF6C181304A4009FA9C0 /* Debug */ = {
			isa = XCBuildConfiguration;
			buildSettings = {
				ASSETCATALOG_COMPILER_APPICON_NAME = AppIcon;
				ASSETCATALOG_COMPILER_LAUNCHIMAGE_NAME = LaunchImage;
				GCC_PRECOMPILE_PREFIX_HEADER = YES;
				GCC_PREFIX_HEADER = "OGLEngineTest/OGLEngineTest-Prefix.pch";
				INFOPLIST_FILE = "OGLEngineTest/OGLEngineTest-Info.plist";
				PRODUCT_NAME = "$(TARGET_NAME)";
				WRAPPER_EXTENSION = app;
			};
			name = Debug;
		};
		8D4BCF6D181304A4009FA9C0 /* Release */ = {
			isa = XCBuildConfiguration;
			buildSettings = {
				ASSETCATALOG_COMPILER_APPICON_NAME = AppIcon;
				ASSETCATALOG_COMPILER_LAUNCHIMAGE_NAME = LaunchImage;
				GCC_PRECOMPILE_PREFIX_HEADER = YES;
				GCC_PREFIX_HEADER = "OGLEngineTest/OGLEngineTest-Prefix.pch";
				INFOPLIST_FILE = "OGLEngineTest/OGLEngineTest-Info.plist";
				PRODUCT_NAME = "$(TARGET_NAME)";
				WRAPPER_EXTENSION = app;
			};
			name = Release;
		};
		8D4BCF6F181304A4009FA9C0 /* Debug */ = {
			isa = XCBuildConfiguration;
			buildSettings = {
				ARCHS = "$(ARCHS_STANDARD_INCLUDING_64_BIT)";
				BUNDLE_LOADER = "$(BUILT_PRODUCTS_DIR)/OGLEngineTest.app/OGLEngineTest";
				FRAMEWORK_SEARCH_PATHS = (
					"$(SDKROOT)/Developer/Library/Frameworks",
					"$(inherited)",
					"$(DEVELOPER_FRAMEWORKS_DIR)",
				);
				GCC_PRECOMPILE_PREFIX_HEADER = YES;
				GCC_PREFIX_HEADER = "OGLEngineTest/OGLEngineTest-Prefix.pch";
				GCC_PREPROCESSOR_DEFINITIONS = (
					"DEBUG=1",
					"$(inherited)",
				);
				INFOPLIST_FILE = "OGLEngineTestTests/OGLEngineTestTests-Info.plist";
				PRODUCT_NAME = "$(TARGET_NAME)";
				TEST_HOST = "$(BUNDLE_LOADER)";
				WRAPPER_EXTENSION = xctest;
			};
			name = Debug;
		};
		8D4BCF70181304A4009FA9C0 /* Release */ = {
			isa = XCBuildConfiguration;
			buildSettings = {
				ARCHS = "$(ARCHS_STANDARD_INCLUDING_64_BIT)";
				BUNDLE_LOADER = "$(BUILT_PRODUCTS_DIR)/OGLEngineTest.app/OGLEngineTest";
				FRAMEWORK_SEARCH_PATHS = (
					"$(SDKROOT)/Developer/Library/Frameworks",
					"$(inherited)",
					"$(DEVELOPER_FRAMEWORKS_DIR)",
				);
				GCC_PRECOMPILE_PREFIX_HEADER = YES;
				GCC_PREFIX_HEADER = "OGLEngineTest/OGLEngineTest-Prefix.pch";
				INFOPLIST_FILE = "OGLEngineTestTests/OGLEngineTestTests-Info.plist";
				PRODUCT_NAME = "$(TARGET_NAME)";
				TEST_HOST = "$(BUNDLE_LOADER)";
				WRAPPER_EXTENSION = xctest;
			};
			name = Release;
		};
/* End XCBuildConfiguration section */

/* Begin XCConfigurationList section */
		8D4BCF29181304A4009FA9C0 /* Build configuration list for PBXProject "OGLEngineTest" */ = {
			isa = XCConfigurationList;
			buildConfigurations = (
				8D4BCF69181304A4009FA9C0 /* Debug */,
				8D4BCF6A181304A4009FA9C0 /* Release */,
			);
			defaultConfigurationIsVisible = 0;
			defaultConfigurationName = Release;
		};
		8D4BCF6B181304A4009FA9C0 /* Build configuration list for PBXNativeTarget "OGLEngineTest" */ = {
			isa = XCConfigurationList;
			buildConfigurations = (
				8D4BCF6C181304A4009FA9C0 /* Debug */,
				8D4BCF6D181304A4009FA9C0 /* Release */,
			);
			defaultConfigurationIsVisible = 0;
		};
		8D4BCF6E181304A4009FA9C0 /* Build configuration list for PBXNativeTarget "OGLEngineTestTests" */ = {
			isa = XCConfigurationList;
			buildConfigurations = (
				8D4BCF6F181304A4009FA9C0 /* Debug */,
				8D4BCF70181304A4009FA9C0 /* Release */,
			);
			defaultConfigurationIsVisible = 0;
		};
/* End XCConfigurationList section */
	};
	rootObject = 8D4BCF26181304A4009FA9C0 /* Project object */;
}
